
Microsoft Visual Studio Solution File, Format Version 12.00
# Visual Studio 2013
VisualStudioVersion = 12.0.31101.0
MinimumVisualStudioVersion = 10.0.40219.1
Project("{FAE04EC0-301F-11D3-BF4B-00C04F79EFBC}") = "EComponent.Api", "EComponent.Api\EComponent.Api.csproj", "{6A5D21DC-BFD3-43D3-8E91-A5409590F82C}"
EndProject
Project("{FAE04EC0-301F-11D3-BF4B-00C04F79EFBC}") = "EComponent.Api.Tests", "EComponent.Api.Tests\EComponent.Api.Tests.csproj", "{4E22DC93-EB19-4CB5-A731-0DB31317B824}"
EndProject
Project("{FAE04EC0-301F-11D3-BF4B-00C04F79EFBC}") = "EComponent.Services", "..\EComponent.Services\EComponent.Services.csproj", "{38B9215B-E703-45EF-A02B-38660FF0903E}"
EndProject
Project("{FAE04EC0-301F-11D3-BF4B-00C04F79EFBC}") = "EComponent.DataAccess", "..\EComponent.DataAccess\EComponent.DataAccess.csproj", "{013C269C-AC63-4398-9D01-B6E088E338D0}"
EndProject
Project("{FAE04EC0-301F-11D3-BF4B-00C04F79EFBC}") = "EComponent.Tools", "..\EComponent.Tools\EComponent.Tools.csproj", "{043C3564-11B9-4578-AE53-5A96DB3D1C03}"
EndProject
Global
	GlobalSection(SolutionConfigurationPlatforms) = preSolution
		Debug|Any CPU = Debug|Any CPU
		Release|Any CPU = Release|Any CPU
	EndGlobalSection
	GlobalSection(ProjectConfigurationPlatforms) = postSolution
		{6A5D21DC-BFD3-43D3-8E91-A5409590F82C}.Debug|Any CPU.ActiveCfg = Debug|Any CPU
		{6A5D21DC-BFD3-43D3-8E91-A5409590F82C}.Debug|Any CPU.Build.0 = Debug|Any CPU
		{6A5D21DC-BFD3-43D3-8E91-A5409590F82C}.Release|Any CPU.ActiveCfg = Release|Any CPU
		{6A5D21DC-BFD3-43D3-8E91-A5409590F82C}.Release|Any CPU.Build.0 = Release|Any CPU
		{4E22DC93-EB19-4CB5-A731-0DB31317B824}.Debug|Any CPU.ActiveCfg = Debug|Any CPU
		{4E22DC93-EB19-4CB5-A731-0DB31317B824}.Debug|Any CPU.Build.0 = Debug|Any CPU
		{4E22DC93-EB19-4CB5-A731-0DB31317B824}.Release|Any CPU.ActiveCfg = Release|Any CPU
		{4E22DC93-EB19-4CB5-A731-0DB31317B824}.Release|Any CPU.Build.0 = Release|Any CPU
		{38B9215B-E703-45EF-A02B-38660FF0903E}.Debug|Any CPU.ActiveCfg = Debug|Any CPU
		{38B9215B-E703-45EF-A02B-38660FF0903E}.Debug|Any CPU.Build.0 = Debug|Any CPU
		{38B9215B-E703-45EF-A02B-38660FF0903E}.Release|Any CPU.ActiveCfg = Release|Any CPU
		{38B9215B-E703-45EF-A02B-38660FF0903E}.Release|Any CPU.Build.0 = Release|Any CPU
		{013C269C-AC63-4398-9D01-B6E088E338D0}.Debug|Any CPU.ActiveCfg = Debug|Any CPU
		{013C269C-AC63-4398-9D01-B6E088E338D0}.Debug|Any CPU.Build.0 = Debug|Any CPU
		{013C269C-AC63-4398-9D01-B6E088E338D0}.Release|Any CPU.ActiveCfg = Release|Any CPU
		{013C269C-AC63-4398-9D01-B6E088E338D0}.Release|Any CPU.Build.0 = Release|Any CPU
		{043C3564-11B9-4578-AE53-5A96DB3D1C03}.Debug|Any CPU.ActiveCfg = Debug|Any CPU
		{043C3564-11B9-4578-AE53-5A96DB3D1C03}.Debug|Any CPU.Build.0 = Debug|Any CPU
		{043C3564-11B9-4578-AE53-5A96DB3D1C03}.Release|Any CPU.ActiveCfg = Release|Any CPU
		{043C3564-11B9-4578-AE53-5A96DB3D1C03}.Release|Any CPU.Build.0 = Release|Any CPU
	EndGlobalSection
	GlobalSection(SolutionProperties) = preSolution
		HideSolutionNode = FALSE
	EndGlobalSection
EndGlobal
